
Microsoft Visual Studio Solution File, Format Version 12.00
# Visual Studio Version 16
VisualStudioVersion = 16.0.32630.194
MinimumVisualStudioVersion = 10.0.40219.1
Project("{FAE04EC0-301F-11D3-BF4B-00C04F79EFBC}") = "StringReverse", "StringReverse\StringReverse.csproj", "{F690B5F1-D831-480C-B115-5177BE46D0DC}"
EndProject
Global
	GlobalSection(SolutionConfigurationPlatforms) = preSolution
		Debug|Any CPU = Debug|Any CPU
		Release|Any CPU = Release|Any CPU
	EndGlobalSection
	GlobalSection(ProjectConfigurationPlatforms) = postSolution
		{F690B5F1-D831-480C-B115-5177BE46D0DC}.Debug|Any CPU.ActiveCfg = Debug|Any CPU
		{F690B5F1-D831-480C-B115-5177BE46D0DC}.Debug|Any CPU.Build.0 = Debug|Any CPU
		{F690B5F1-D831-480C-B115-5177BE46D0DC}.Release|Any CPU.ActiveCfg = Release|Any CPU
		{F690B5F1-D831-480C-B115-5177BE46D0DC}.Release|Any CPU.Build.0 = Release|Any CPU
	EndGlobalSection
	GlobalSection(SolutionProperties) = preSolution
		HideSolutionNode = FALSE
	EndGlobalSection
	GlobalSection(ExtensibilityGlobals) = postSolution
		SolutionGuid = {9CC802E6-15C4-409B-9C14-E7F6DE188897}
	EndGlobalSection
EndGlobal
